
Microsoft Visual Studio Solution File, Format Version 12.00
# Visual Studio 2013
VisualStudioVersion = 12.0.21005.1
MinimumVisualStudioVersion = 10.0.40219.1
Project("{2150E333-8FDC-42A3-9474-1A3956D46DE8}") = "NM", "NM", "{808D6CAA-6D6A-4B48-B12F-89972A511DDC}"
EndProject
Project("{FAE04EC0-301F-11D3-BF4B-00C04F79EFBC}") = "CodeCleanup", "NM\CodeCleanup\CodeCleanup.csproj", "{BB9BC315-C793-4CCD-A54E-B8586ED1D679}"
EndProject
Project("{FAE04EC0-301F-11D3-BF4B-00C04F79EFBC}") = "Experiments", "NM\Experiments\Experiments.csproj", "{57DF6A51-D28E-4FF0-B0C3-4D4717171304}"
EndProject
Project("{FAE04EC0-301F-11D3-BF4B-00C04F79EFBC}") = "log4net", "NM\log4net\log4net.csproj", "{5FBC8B51-EE93-40F7-BECD-4EB576BE522C}"
EndProject
Project("{FAE04EC0-301F-11D3-BF4B-00C04F79EFBC}") = "NHibernateExperiments", "NM\NHibernate\NHibernateExperiments.csproj", "{49FD674E-C9C3-4558-A6F5-F3043C9DE8E4}"
EndProject
Project("{FAE04EC0-301F-11D3-BF4B-00C04F79EFBC}") = "QuickBloxRestApi", "NM\QuickBloxRestApi\QuickBloxRestApi.csproj", "{8E9264AC-160A-44AB-B2EF-3158E35412A3}"
EndProject
Project("{FAE04EC0-301F-11D3-BF4B-00C04F79EFBC}") = "ReadonlyCollections", "NM\ReadonlyCollections\ReadonlyCollections.csproj", "{E02BACCB-8F56-44FB-BF31-AD6DDC7F54EF}"
EndProject
Project("{2150E333-8FDC-42A3-9474-1A3956D46DE8}") = "SD", "SD", "{4D396532-3F5C-47CB-8290-CEEB7D4A22CC}"
EndProject
Project("{FAE04EC0-301F-11D3-BF4B-00C04F79EFBC}") = "AsyncWork", "SD\AsyncWork\AsyncWork.csproj", "{E9056F48-131B-475B-824B-D271683731EE}"
EndProject
Project("{FAE04EC0-301F-11D3-BF4B-00C04F79EFBC}") = "Iterator", "SD\Iterator\Iterator.csproj", "{BB008137-1B21-4134-821E-218409142C47}"
EndProject
Project("{FAE04EC0-301F-11D3-BF4B-00C04F79EFBC}") = "NhibernateTest", "SD\NhibernateTest\NhibernateTest.csproj", "{356E60CC-4851-41CB-987C-5CADC9E35C13}"
EndProject
Project("{FAE04EC0-301F-11D3-BF4B-00C04F79EFBC}") = "RabbitMqRepository", "SD\RabbitMqRepository\RabbitMqRepository.csproj", "{F54CA54C-EA4F-4A75-8D72-58C4014CF92F}"
EndProject
Project("{FAE04EC0-301F-11D3-BF4B-00C04F79EFBC}") = "RabbitMQTest", "SD\RabbitMQTest\RabbitMQTest.csproj", "{C6179C3C-853A-4B1B-98EC-D0869D157285}"
EndProject
Project("{FAE04EC0-301F-11D3-BF4B-00C04F79EFBC}") = "SpeechRecognition", "SD\SpeechRecognition\SpeechRecognition.csproj", "{1EE24A0B-8540-4F57-98D1-7B41C6BAD924}"
EndProject
Project("{FAE04EC0-301F-11D3-BF4B-00C04F79EFBC}") = "Worker1", "SD\Worker1\Worker1.csproj", "{A9736FFC-D1EE-4EF8-9FEE-6A4B73686BFA}"
EndProject
Project("{FAE04EC0-301F-11D3-BF4B-00C04F79EFBC}") = "SendEmail", "NM\SendEmail\SendEmail.csproj", "{414C398D-6F5B-44F5-A34A-21DD5F083E33}"
EndProject
Project("{FAE04EC0-301F-11D3-BF4B-00C04F79EFBC}") = "MasstransitQueues", "SD\MasstransitQueues\MasstransitQueues.csproj", "{100E41BF-4038-4546-92A7-2659C6A67871}"
EndProject
Project("{FAE04EC0-301F-11D3-BF4B-00C04F79EFBC}") = "StatsD", "NM\StatsD\StatsD.csproj", "{26B280D2-B4DD-4366-94C7-CE6F12C03E64}"
EndProject
Project("{FAE04EC0-301F-11D3-BF4B-00C04F79EFBC}") = "ConditionalCompilationSymbols", "NM\ConditionalCompilationSymbols\ConditionalCompilationSymbols.csproj", "{A9D9595D-C651-4240-B242-6D8173B9759D}"
EndProject
Project("{FAE04EC0-301F-11D3-BF4B-00C04F79EFBC}") = "LinqProvider", "NM\LinqProvider\LinqProvider.csproj", "{3BB87132-D299-4CAE-8AE4-E70E1F11B002}"
EndProject
Project("{FAE04EC0-301F-11D3-BF4B-00C04F79EFBC}") = "Jabber", "NM\Jabber\Jabber.csproj", "{ED8682BC-4BEB-45E4-87C1-07A43434B74F}"
EndProject
Project("{FAE04EC0-301F-11D3-BF4B-00C04F79EFBC}") = "DynamicVsLambda", "DynamicVsLambda\DynamicVsLambda.csproj", "{53572DFA-86C2-4A27-AB20-D284F22218C9}"
EndProject
Project("{FAE04EC0-301F-11D3-BF4B-00C04F79EFBC}") = "ExponentialRetry", "ExponentialRetry\ExponentialRetry.csproj", "{8DE73745-761B-4FA6-8308-1387EC9B9961}"
EndProject
Global
	GlobalSection(SolutionConfigurationPlatforms) = preSolution
		Debug|Any CPU = Debug|Any CPU
		Release|Any CPU = Release|Any CPU
	EndGlobalSection
	GlobalSection(ProjectConfigurationPlatforms) = postSolution
		{BB9BC315-C793-4CCD-A54E-B8586ED1D679}.Debug|Any CPU.ActiveCfg = Debug|Any CPU
		{BB9BC315-C793-4CCD-A54E-B8586ED1D679}.Debug|Any CPU.Build.0 = Debug|Any CPU
		{BB9BC315-C793-4CCD-A54E-B8586ED1D679}.Release|Any CPU.ActiveCfg = Release|Any CPU
		{BB9BC315-C793-4CCD-A54E-B8586ED1D679}.Release|Any CPU.Build.0 = Release|Any CPU
		{57DF6A51-D28E-4FF0-B0C3-4D4717171304}.Debug|Any CPU.ActiveCfg = Debug|Any CPU
		{57DF6A51-D28E-4FF0-B0C3-4D4717171304}.Debug|Any CPU.Build.0 = Debug|Any CPU
		{57DF6A51-D28E-4FF0-B0C3-4D4717171304}.Release|Any CPU.ActiveCfg = Release|Any CPU
		{57DF6A51-D28E-4FF0-B0C3-4D4717171304}.Release|Any CPU.Build.0 = Release|Any CPU
		{5FBC8B51-EE93-40F7-BECD-4EB576BE522C}.Debug|Any CPU.ActiveCfg = Debug|Any CPU
		{5FBC8B51-EE93-40F7-BECD-4EB576BE522C}.Debug|Any CPU.Build.0 = Debug|Any CPU
		{5FBC8B51-EE93-40F7-BECD-4EB576BE522C}.Release|Any CPU.ActiveCfg = Release|Any CPU
		{5FBC8B51-EE93-40F7-BECD-4EB576BE522C}.Release|Any CPU.Build.0 = Release|Any CPU
		{49FD674E-C9C3-4558-A6F5-F3043C9DE8E4}.Debug|Any CPU.ActiveCfg = Debug|Any CPU
		{49FD674E-C9C3-4558-A6F5-F3043C9DE8E4}.Debug|Any CPU.Build.0 = Debug|Any CPU
		{49FD674E-C9C3-4558-A6F5-F3043C9DE8E4}.Release|Any CPU.ActiveCfg = Release|Any CPU
		{49FD674E-C9C3-4558-A6F5-F3043C9DE8E4}.Release|Any CPU.Build.0 = Release|Any CPU
		{8E9264AC-160A-44AB-B2EF-3158E35412A3}.Debug|Any CPU.ActiveCfg = Debug|Any CPU
		{8E9264AC-160A-44AB-B2EF-3158E35412A3}.Debug|Any CPU.Build.0 = Debug|Any CPU
		{8E9264AC-160A-44AB-B2EF-3158E35412A3}.Release|Any CPU.ActiveCfg = Release|Any CPU
		{8E9264AC-160A-44AB-B2EF-3158E35412A3}.Release|Any CPU.Build.0 = Release|Any CPU
		{E02BACCB-8F56-44FB-BF31-AD6DDC7F54EF}.Debug|Any CPU.ActiveCfg = Debug|Any CPU
		{E02BACCB-8F56-44FB-BF31-AD6DDC7F54EF}.Debug|Any CPU.Build.0 = Debug|Any CPU
		{E02BACCB-8F56-44FB-BF31-AD6DDC7F54EF}.Release|Any CPU.ActiveCfg = Release|Any CPU
		{E02BACCB-8F56-44FB-BF31-AD6DDC7F54EF}.Release|Any CPU.Build.0 = Release|Any CPU
		{E9056F48-131B-475B-824B-D271683731EE}.Debug|Any CPU.ActiveCfg = Debug|Any CPU
		{E9056F48-131B-475B-824B-D271683731EE}.Debug|Any CPU.Build.0 = Debug|Any CPU
		{E9056F48-131B-475B-824B-D271683731EE}.Release|Any CPU.ActiveCfg = Release|Any CPU
		{E9056F48-131B-475B-824B-D271683731EE}.Release|Any CPU.Build.0 = Release|Any CPU
		{BB008137-1B21-4134-821E-218409142C47}.Debug|Any CPU.ActiveCfg = Debug|Any CPU
		{BB008137-1B21-4134-821E-218409142C47}.Debug|Any CPU.Build.0 = Debug|Any CPU
		{BB008137-1B21-4134-821E-218409142C47}.Release|Any CPU.ActiveCfg = Release|Any CPU
		{BB008137-1B21-4134-821E-218409142C47}.Release|Any CPU.Build.0 = Release|Any CPU
		{356E60CC-4851-41CB-987C-5CADC9E35C13}.Debug|Any CPU.ActiveCfg = Debug|Any CPU
		{356E60CC-4851-41CB-987C-5CADC9E35C13}.Debug|Any CPU.Build.0 = Debug|Any CPU
		{356E60CC-4851-41CB-987C-5CADC9E35C13}.Release|Any CPU.ActiveCfg = Release|Any CPU
		{356E60CC-4851-41CB-987C-5CADC9E35C13}.Release|Any CPU.Build.0 = Release|Any CPU
		{F54CA54C-EA4F-4A75-8D72-58C4014CF92F}.Debug|Any CPU.ActiveCfg = Debug|Any CPU
		{F54CA54C-EA4F-4A75-8D72-58C4014CF92F}.Debug|Any CPU.Build.0 = Debug|Any CPU
		{F54CA54C-EA4F-4A75-8D72-58C4014CF92F}.Release|Any CPU.ActiveCfg = Release|Any CPU
		{F54CA54C-EA4F-4A75-8D72-58C4014CF92F}.Release|Any CPU.Build.0 = Release|Any CPU
		{C6179C3C-853A-4B1B-98EC-D0869D157285}.Debug|Any CPU.ActiveCfg = Debug|Any CPU
		{C6179C3C-853A-4B1B-98EC-D0869D157285}.Debug|Any CPU.Build.0 = Debug|Any CPU
		{C6179C3C-853A-4B1B-98EC-D0869D157285}.Release|Any CPU.ActiveCfg = Release|Any CPU
		{C6179C3C-853A-4B1B-98EC-D0869D157285}.Release|Any CPU.Build.0 = Release|Any CPU
		{1EE24A0B-8540-4F57-98D1-7B41C6BAD924}.Debug|Any CPU.ActiveCfg = Debug|Any CPU
		{1EE24A0B-8540-4F57-98D1-7B41C6BAD924}.Debug|Any CPU.Build.0 = Debug|Any CPU
		{1EE24A0B-8540-4F57-98D1-7B41C6BAD924}.Release|Any CPU.ActiveCfg = Release|Any CPU
		{1EE24A0B-8540-4F57-98D1-7B41C6BAD924}.Release|Any CPU.Build.0 = Release|Any CPU
		{A9736FFC-D1EE-4EF8-9FEE-6A4B73686BFA}.Debug|Any CPU.ActiveCfg = Debug|Any CPU
		{A9736FFC-D1EE-4EF8-9FEE-6A4B73686BFA}.Debug|Any CPU.Build.0 = Debug|Any CPU
		{A9736FFC-D1EE-4EF8-9FEE-6A4B73686BFA}.Release|Any CPU.ActiveCfg = Release|Any CPU
		{A9736FFC-D1EE-4EF8-9FEE-6A4B73686BFA}.Release|Any CPU.Build.0 = Release|Any CPU
		{414C398D-6F5B-44F5-A34A-21DD5F083E33}.Debug|Any CPU.ActiveCfg = Debug|Any CPU
		{414C398D-6F5B-44F5-A34A-21DD5F083E33}.Debug|Any CPU.Build.0 = Debug|Any CPU
		{414C398D-6F5B-44F5-A34A-21DD5F083E33}.Release|Any CPU.ActiveCfg = Release|Any CPU
		{414C398D-6F5B-44F5-A34A-21DD5F083E33}.Release|Any CPU.Build.0 = Release|Any CPU
		{100E41BF-4038-4546-92A7-2659C6A67871}.Debug|Any CPU.ActiveCfg = Debug|Any CPU
		{100E41BF-4038-4546-92A7-2659C6A67871}.Debug|Any CPU.Build.0 = Debug|Any CPU
		{100E41BF-4038-4546-92A7-2659C6A67871}.Release|Any CPU.ActiveCfg = Release|Any CPU
		{100E41BF-4038-4546-92A7-2659C6A67871}.Release|Any CPU.Build.0 = Release|Any CPU
		{26B280D2-B4DD-4366-94C7-CE6F12C03E64}.Debug|Any CPU.ActiveCfg = Debug|Any CPU
		{26B280D2-B4DD-4366-94C7-CE6F12C03E64}.Debug|Any CPU.Build.0 = Debug|Any CPU
		{26B280D2-B4DD-4366-94C7-CE6F12C03E64}.Release|Any CPU.ActiveCfg = Release|Any CPU
		{26B280D2-B4DD-4366-94C7-CE6F12C03E64}.Release|Any CPU.Build.0 = Release|Any CPU
		{A9D9595D-C651-4240-B242-6D8173B9759D}.Debug|Any CPU.ActiveCfg = Debug|Any CPU
		{A9D9595D-C651-4240-B242-6D8173B9759D}.Debug|Any CPU.Build.0 = Debug|Any CPU
		{A9D9595D-C651-4240-B242-6D8173B9759D}.Release|Any CPU.ActiveCfg = Release|Any CPU
		{A9D9595D-C651-4240-B242-6D8173B9759D}.Release|Any CPU.Build.0 = Release|Any CPU
		{3BB87132-D299-4CAE-8AE4-E70E1F11B002}.Debug|Any CPU.ActiveCfg = Debug|Any CPU
		{3BB87132-D299-4CAE-8AE4-E70E1F11B002}.Debug|Any CPU.Build.0 = Debug|Any CPU
		{3BB87132-D299-4CAE-8AE4-E70E1F11B002}.Release|Any CPU.ActiveCfg = Release|Any CPU
		{3BB87132-D299-4CAE-8AE4-E70E1F11B002}.Release|Any CPU.Build.0 = Release|Any CPU
		{ED8682BC-4BEB-45E4-87C1-07A43434B74F}.Debug|Any CPU.ActiveCfg = Debug|Any CPU
		{ED8682BC-4BEB-45E4-87C1-07A43434B74F}.Debug|Any CPU.Build.0 = Debug|Any CPU
		{ED8682BC-4BEB-45E4-87C1-07A43434B74F}.Release|Any CPU.ActiveCfg = Release|Any CPU
		{ED8682BC-4BEB-45E4-87C1-07A43434B74F}.Release|Any CPU.Build.0 = Release|Any CPU
		{53572DFA-86C2-4A27-AB20-D284F22218C9}.Debug|Any CPU.ActiveCfg = Debug|Any CPU
		{53572DFA-86C2-4A27-AB20-D284F22218C9}.Debug|Any CPU.Build.0 = Debug|Any CPU
		{53572DFA-86C2-4A27-AB20-D284F22218C9}.Release|Any CPU.ActiveCfg = Release|Any CPU
		{53572DFA-86C2-4A27-AB20-D284F22218C9}.Release|Any CPU.Build.0 = Release|Any CPU
		{8DE73745-761B-4FA6-8308-1387EC9B9961}.Debug|Any CPU.ActiveCfg = Debug|Any CPU
		{8DE73745-761B-4FA6-8308-1387EC9B9961}.Debug|Any CPU.Build.0 = Debug|Any CPU
		{8DE73745-761B-4FA6-8308-1387EC9B9961}.Release|Any CPU.ActiveCfg = Release|Any CPU
		{8DE73745-761B-4FA6-8308-1387EC9B9961}.Release|Any CPU.Build.0 = Release|Any CPU
	EndGlobalSection
	GlobalSection(SolutionProperties) = preSolution
		HideSolutionNode = FALSE
	EndGlobalSection
	GlobalSection(NestedProjects) = preSolution
		{BB9BC315-C793-4CCD-A54E-B8586ED1D679} = {808D6CAA-6D6A-4B48-B12F-89972A511DDC}
		{57DF6A51-D28E-4FF0-B0C3-4D4717171304} = {808D6CAA-6D6A-4B48-B12F-89972A511DDC}
		{5FBC8B51-EE93-40F7-BECD-4EB576BE522C} = {808D6CAA-6D6A-4B48-B12F-89972A511DDC}
		{49FD674E-C9C3-4558-A6F5-F3043C9DE8E4} = {808D6CAA-6D6A-4B48-B12F-89972A511DDC}
		{8E9264AC-160A-44AB-B2EF-3158E35412A3} = {808D6CAA-6D6A-4B48-B12F-89972A511DDC}
		{E02BACCB-8F56-44FB-BF31-AD6DDC7F54EF} = {808D6CAA-6D6A-4B48-B12F-89972A511DDC}
		{414C398D-6F5B-44F5-A34A-21DD5F083E33} = {808D6CAA-6D6A-4B48-B12F-89972A511DDC}
		{26B280D2-B4DD-4366-94C7-CE6F12C03E64} = {808D6CAA-6D6A-4B48-B12F-89972A511DDC}
		{A9D9595D-C651-4240-B242-6D8173B9759D} = {808D6CAA-6D6A-4B48-B12F-89972A511DDC}
		{3BB87132-D299-4CAE-8AE4-E70E1F11B002} = {808D6CAA-6D6A-4B48-B12F-89972A511DDC}
		{ED8682BC-4BEB-45E4-87C1-07A43434B74F} = {808D6CAA-6D6A-4B48-B12F-89972A511DDC}
		{53572DFA-86C2-4A27-AB20-D284F22218C9} = {808D6CAA-6D6A-4B48-B12F-89972A511DDC}
		{8DE73745-761B-4FA6-8308-1387EC9B9961} = {808D6CAA-6D6A-4B48-B12F-89972A511DDC}
		{E9056F48-131B-475B-824B-D271683731EE} = {4D396532-3F5C-47CB-8290-CEEB7D4A22CC}
		{BB008137-1B21-4134-821E-218409142C47} = {4D396532-3F5C-47CB-8290-CEEB7D4A22CC}
		{356E60CC-4851-41CB-987C-5CADC9E35C13} = {4D396532-3F5C-47CB-8290-CEEB7D4A22CC}
		{F54CA54C-EA4F-4A75-8D72-58C4014CF92F} = {4D396532-3F5C-47CB-8290-CEEB7D4A22CC}
		{C6179C3C-853A-4B1B-98EC-D0869D157285} = {4D396532-3F5C-47CB-8290-CEEB7D4A22CC}
		{1EE24A0B-8540-4F57-98D1-7B41C6BAD924} = {4D396532-3F5C-47CB-8290-CEEB7D4A22CC}
		{A9736FFC-D1EE-4EF8-9FEE-6A4B73686BFA} = {4D396532-3F5C-47CB-8290-CEEB7D4A22CC}
		{100E41BF-4038-4546-92A7-2659C6A67871} = {4D396532-3F5C-47CB-8290-CEEB7D4A22CC}
	EndGlobalSection
EndGlobal
